// !$*UTF8*$!
{
	archiveVersion = 1;
	classes = {
	};
	objectVersion = 46;
	objects = {

/* Begin PBXBuildFile section */
		281FFDA5CB89424ABCD9EE37 /* main.m in Sources */ = {isa = PBXBuildFile; fileRef = A8F17B699B57471BBFAE4207 /* main.m */; };
		323FF4BE34C9F04EB112F90B /* libPods.a in Frameworks */ = {isa = PBXBuildFile; fileRef = F4582F8580AD8AAC13746C15 /* libPods.a */; };
		3E2E3C0B0A9049909C217755 /* FISAppDelegate.m in Sources */ = {isa = PBXBuildFile; fileRef = D7CEF5F56BD54A13B7ECE704 /* FISAppDelegate.m */; };
		AC54A0AD64CD951218E95307 /* libPods-unit_tests.a in Frameworks */ = {isa = PBXBuildFile; fileRef = 0C5DFA5E3767BFDDAB27D700 /* libPods-unit_tests.a */; };
		AF2F896A020C405DB0266B43 /* Images.xcassets in Resources */ = {isa = PBXBuildFile; fileRef = 1E464B0A5CDB40B3B4639FB0 /* Images.xcassets */; };
		D8C986B71A1CED800093C217 /* Main.storyboard in Resources */ = {isa = PBXBuildFile; fileRef = D8C986B61A1CED800093C217 /* Main.storyboard */; };
		D8C986BF1A1CFB000093C217 /* FISViewController.m in Sources */ = {isa = PBXBuildFile; fileRef = D8C986BE1A1CFB000093C217 /* FISViewController.m */; };
		D8C986F41A1E48E10093C217 /* ForcastAPIClient.m in Sources */ = {isa = PBXBuildFile; fileRef = D8C986F31A1E48E10093C217 /* ForcastAPIClient.m */; };
		D8C986F61A1E490B0093C217 /* CoreLocation.framework in Frameworks */ = {isa = PBXBuildFile; fileRef = D8C986F51A1E490B0093C217 /* CoreLocation.framework */; };
		EBED90A52BE94426B7277246 /* Foundation.framework in Frameworks */ = {isa = PBXBuildFile; fileRef = 146E6D8283F344F296BD9263 /* Foundation.framework */; };
/* End PBXBuildFile section */

/* Begin PBXContainerItemProxy section */
		7015D7D4735244F5882B1E86 /* PBXContainerItemProxy */ = {
			isa = PBXContainerItemProxy;
			containerPortal = 90E84613119A4C7583085911 /* Project object */;
			proxyType = 1;
			remoteGlobalIDString = 9EC0D3D5A6B643F491880C71;
			remoteInfo = "pour-cast";
		};
/* End PBXContainerItemProxy section */

/* Begin PBXFileReference section */
		0B5B6EFE9C2339CF57C20274 /* Pods-unit_tests.release.xcconfig */ = {isa = PBXFileReference; includeInIndex = 1; lastKnownFileType = text.xcconfig; name = "Pods-unit_tests.release.xcconfig"; path = "Pods/Target Support Files/Pods-unit_tests/Pods-unit_tests.release.xcconfig"; sourceTree = "<group>"; };
		0C5DFA5E3767BFDDAB27D700 /* libPods-unit_tests.a */ = {isa = PBXFileReference; explicitFileType = archive.ar; includeInIndex = 0; path = "libPods-unit_tests.a"; sourceTree = BUILT_PRODUCTS_DIR; };
		146E6D8283F344F296BD9263 /* Foundation.framework */ = {isa = PBXFileReference; lastKnownFileType = wrapper.framework; name = Foundation.framework; path = Platforms/iPhoneOS.platform/Developer/SDKs/iPhoneOS7.0.sdk/System/Library/Frameworks/Foundation.framework; sourceTree = DEVELOPER_DIR; };
		1E464B0A5CDB40B3B4639FB0 /* Images.xcassets */ = {isa = PBXFileReference; includeInIndex = 1; lastKnownFileType = folder.assetcatalog; path = Images.xcassets; sourceTree = "<group>"; };
		22AACF9A781741F0A4E51348 /* pour-cast-Prefix.pch */ = {isa = PBXFileReference; includeInIndex = 1; lastKnownFileType = sourcecode.c.h; path = "pour-cast-Prefix.pch"; sourceTree = "<group>"; };
		2331F85C6BF04EA89B75056E /* pour-cast.app */ = {isa = PBXFileReference; explicitFileType = wrapper.application; includeInIndex = 0; path = "pour-cast.app"; sourceTree = BUILT_PRODUCTS_DIR; };
		3854DD3B0BE48AF9A8D284DB /* Pods.release.xcconfig */ = {isa = PBXFileReference; includeInIndex = 1; lastKnownFileType = text.xcconfig; name = Pods.release.xcconfig; path = "Pods/Target Support Files/Pods/Pods.release.xcconfig"; sourceTree = "<group>"; };
		631C576CA66C4475BCCEE050 /* UnitTests.xctest */ = {isa = PBXFileReference; explicitFileType = wrapper.cfbundle; includeInIndex = 0; path = UnitTests.xctest; sourceTree = BUILT_PRODUCTS_DIR; };
		8181CF74841D4451BEEFEFD8 /* pour-cast-Info.plist */ = {isa = PBXFileReference; includeInIndex = 1; lastKnownFileType = text.plist.xml; path = "pour-cast-Info.plist"; sourceTree = "<group>"; };
		8230D2B818F29F32B89DDF02 /* Pods.debug.xcconfig */ = {isa = PBXFileReference; includeInIndex = 1; lastKnownFileType = text.xcconfig; name = Pods.debug.xcconfig; path = "Pods/Target Support Files/Pods/Pods.debug.xcconfig"; sourceTree = "<group>"; };
		A8F17B699B57471BBFAE4207 /* main.m */ = {isa = PBXFileReference; includeInIndex = 1; lastKnownFileType = sourcecode.c.objc; path = main.m; sourceTree = "<group>"; };
		B18E84164FF1D1A7B7C7BF94 /* Pods-unit_tests.debug.xcconfig */ = {isa = PBXFileReference; includeInIndex = 1; lastKnownFileType = text.xcconfig; name = "Pods-unit_tests.debug.xcconfig"; path = "Pods/Target Support Files/Pods-unit_tests/Pods-unit_tests.debug.xcconfig"; sourceTree = "<group>"; };
		B390047BAEC1439AAFDE28AF /* FISAppDelegate.h */ = {isa = PBXFileReference; includeInIndex = 1; lastKnownFileType = sourcecode.c.h; path = FISAppDelegate.h; sourceTree = "<group>"; };
		D7CEF5F56BD54A13B7ECE704 /* FISAppDelegate.m */ = {isa = PBXFileReference; includeInIndex = 1; lastKnownFileType = sourcecode.c.objc; path = FISAppDelegate.m; sourceTree = "<group>"; };
		D8C986B61A1CED800093C217 /* Main.storyboard */ = {isa = PBXFileReference; fileEncoding = 4; lastKnownFileType = file.storyboard; name = Main.storyboard; path = ../Main.storyboard; sourceTree = "<group>"; };
		D8C986BD1A1CFB000093C217 /* FISViewController.h */ = {isa = PBXFileReference; fileEncoding = 4; lastKnownFileType = sourcecode.c.h; path = FISViewController.h; sourceTree = "<group>"; };
		D8C986BE1A1CFB000093C217 /* FISViewController.m */ = {isa = PBXFileReference; fileEncoding = 4; lastKnownFileType = sourcecode.c.objc; path = FISViewController.m; sourceTree = "<group>"; };
		D8C986F21A1E48E10093C217 /* ForcastAPIClient.h */ = {isa = PBXFileReference; fileEncoding = 4; lastKnownFileType = sourcecode.c.h; name = ForcastAPIClient.h; path = ../ForcastAPIClient.h; sourceTree = "<group>"; };
		D8C986F31A1E48E10093C217 /* ForcastAPIClient.m */ = {isa = PBXFileReference; fileEncoding = 4; lastKnownFileType = sourcecode.c.objc; name = ForcastAPIClient.m; path = ../ForcastAPIClient.m; sourceTree = "<group>"; };
		D8C986F51A1E490B0093C217 /* CoreLocation.framework */ = {isa = PBXFileReference; lastKnownFileType = wrapper.framework; name = CoreLocation.framework; path = System/Library/Frameworks/CoreLocation.framework; sourceTree = SDKROOT; };
		E2055F6B601D4272AD7CA6E3 /* UnitTests-Info.plist */ = {isa = PBXFileReference; includeInIndex = 1; lastKnownFileType = text.plist.xml; path = "UnitTests-Info.plist"; sourceTree = "<group>"; };
		E3A1079BED2240F69AEBAC70 /* UnitTests-Prefix.pch */ = {isa = PBXFileReference; includeInIndex = 1; lastKnownFileType = sourcecode.c.h; path = "UnitTests-Prefix.pch"; sourceTree = "<group>"; };
		F4582F8580AD8AAC13746C15 /* libPods.a */ = {isa = PBXFileReference; explicitFileType = archive.ar; includeInIndex = 0; path = libPods.a; sourceTree = BUILT_PRODUCTS_DIR; };
/* End PBXFileReference section */

/* Begin PBXFrameworksBuildPhase section */
		182C7F9FD0D943128A6C317F /* Frameworks */ = {
			isa = PBXFrameworksBuildPhase;
			buildActionMask = 2147483647;
			files = (
				D8C986F61A1E490B0093C217 /* CoreLocation.framework in Frameworks */,
				EBED90A52BE94426B7277246 /* Foundation.framework in Frameworks */,
				323FF4BE34C9F04EB112F90B /* libPods.a in Frameworks */,
			);
			runOnlyForDeploymentPostprocessing = 0;
		};
		33A0F2FBACDF4299B692A73C /* Frameworks */ = {
			isa = PBXFrameworksBuildPhase;
			buildActionMask = 2147483647;
			files = (
				AC54A0AD64CD951218E95307 /* libPods-unit_tests.a in Frameworks */,
			);
			runOnlyForDeploymentPostprocessing = 0;
		};
/* End PBXFrameworksBuildPhase section */

/* Begin PBXGroup section */
		2AB31E7EB4B24B5AAF8CEF32 = {
			isa = PBXGroup;
			children = (
				FD076FDA681E45DC953CA937 /* pour-cast */,
				A09856D902E74F3E8C2A1F1C /* UnitTests */,
				EEFD7489EF6545918B374B64 /* Frameworks */,
				7AF1BF7754D94303904AFD2F /* Products */,
				F11D09AB548F3675D4F7A8BA /* Pods */,
			);
			indentWidth = 4;
			sourceTree = "<group>";
			tabWidth = 4;
			usesTabs = 0;
		};
		515F21C34F194FB8A01DB0B2 /* Resources */ = {
			isa = PBXGroup;
			children = (
				1E464B0A5CDB40B3B4639FB0 /* Images.xcassets */,
				8BA1F0C796B74FAB8C34FA20 /* Other-Sources */,
			);
			path = Resources;
			sourceTree = "<group>";
		};
		5D095557593F4962AA5CC40D /* Resources */ = {
			isa = PBXGroup;
			children = (
				E2055F6B601D4272AD7CA6E3 /* UnitTests-Info.plist */,
				E3A1079BED2240F69AEBAC70 /* UnitTests-Prefix.pch */,
			);
			path = Resources;
			sourceTree = "<group>";
		};
		7AF1BF7754D94303904AFD2F /* Products */ = {
			isa = PBXGroup;
			children = (
				2331F85C6BF04EA89B75056E /* pour-cast.app */,
				631C576CA66C4475BCCEE050 /* UnitTests.xctest */,
			);
			name = Products;
			sourceTree = "<group>";
		};
		8BA1F0C796B74FAB8C34FA20 /* Other-Sources */ = {
			isa = PBXGroup;
			children = (
				8181CF74841D4451BEEFEFD8 /* pour-cast-Info.plist */,
				22AACF9A781741F0A4E51348 /* pour-cast-Prefix.pch */,
				A8F17B699B57471BBFAE4207 /* main.m */,
			);
			path = "Other-Sources";
			sourceTree = "<group>";
		};
		A09856D902E74F3E8C2A1F1C /* UnitTests */ = {
			isa = PBXGroup;
			children = (
				5D095557593F4962AA5CC40D /* Resources */,
				AB46812456564E04A947C0FE /* Tests */,
			);
			path = UnitTests;
			sourceTree = "<group>";
		};
		AB46812456564E04A947C0FE /* Tests */ = {
			isa = PBXGroup;
			children = (
			);
			path = Tests;
			sourceTree = "<group>";
		};
		EEFD7489EF6545918B374B64 /* Frameworks */ = {
			isa = PBXGroup;
			children = (
				D8C986F51A1E490B0093C217 /* CoreLocation.framework */,
				F4FE2508C9A24FA883AD0AA2 /* iOS */,
				0C5DFA5E3767BFDDAB27D700 /* libPods-unit_tests.a */,
				F4582F8580AD8AAC13746C15 /* libPods.a */,
			);
			name = Frameworks;
			sourceTree = "<group>";
		};
		F11D09AB548F3675D4F7A8BA /* Pods */ = {
			isa = PBXGroup;
			children = (
				0B5B6EFE9C2339CF57C20274 /* Pods-unit_tests.release.xcconfig */,
				B18E84164FF1D1A7B7C7BF94 /* Pods-unit_tests.debug.xcconfig */,
				3854DD3B0BE48AF9A8D284DB /* Pods.release.xcconfig */,
				8230D2B818F29F32B89DDF02 /* Pods.debug.xcconfig */,
			);
			name = Pods;
			sourceTree = "<group>";
		};
		F4FE2508C9A24FA883AD0AA2 /* iOS */ = {
			isa = PBXGroup;
			children = (
				146E6D8283F344F296BD9263 /* Foundation.framework */,
			);
			name = iOS;
			sourceTree = "<group>";
		};
		FD076FDA681E45DC953CA937 /* pour-cast */ = {
			isa = PBXGroup;
			children = (
				D8C986F21A1E48E10093C217 /* ForcastAPIClient.h */,
				D8C986F31A1E48E10093C217 /* ForcastAPIClient.m */,
				D8C986B61A1CED800093C217 /* Main.storyboard */,
				D8C986BD1A1CFB000093C217 /* FISViewController.h */,
				D8C986BE1A1CFB000093C217 /* FISViewController.m */,
				B390047BAEC1439AAFDE28AF /* FISAppDelegate.h */,
				D7CEF5F56BD54A13B7ECE704 /* FISAppDelegate.m */,
				515F21C34F194FB8A01DB0B2 /* Resources */,
			);
			path = "pour-cast";
			sourceTree = "<group>";
		};
/* End PBXGroup section */

/* Begin PBXNativeTarget section */
		306548FE47204EEF8D054F5E /* UnitTests */ = {
			isa = PBXNativeTarget;
			buildConfigurationList = 5D2FF06CBC4046F7A738B20C /* Build configuration list for PBXNativeTarget "UnitTests" */;
			buildPhases = (
				A659D35A1AFA6A4C083B5D9B /* Check Pods Manifest.lock */,
				E7F43CF259524E80BB422263 /* Sources */,
				33A0F2FBACDF4299B692A73C /* Frameworks */,
				2C1005AD79814BF59714148D /* Resources */,
				193E3A15238434E53B2F9AA5 /* Copy Pods Resources */,
			);
			buildRules = (
			);
			dependencies = (
				6BE02103ECFA403B824F5A63 /* PBXTargetDependency */,
			);
			name = UnitTests;
			productName = UnitTests;
			productReference = 631C576CA66C4475BCCEE050 /* UnitTests.xctest */;
			productType = "com.apple.product-type.bundle.unit-test";
		};
		9EC0D3D5A6B643F491880C71 /* pour-cast */ = {
			isa = PBXNativeTarget;
			buildConfigurationList = 9BFC5F6F8E6D49139EFCF501 /* Build configuration list for PBXNativeTarget "pour-cast" */;
			buildPhases = (
				F4867B1C1DF7F40C3B5C5C3F /* Check Pods Manifest.lock */,
				6A2DB960E5E449FE91666C16 /* Sources */,
				182C7F9FD0D943128A6C317F /* Frameworks */,
				39AB497BB94F4451B8A1B5E0 /* Resources */,
				46E4D3C65EAE4F20AE4BBAF4 /* Warn for TODO and FIXME comments */,
				9F6C6CCD3485DA6F83A07264 /* Copy Pods Resources */,
			);
			buildRules = (
			);
			dependencies = (
			);
			name = "pour-cast";
			productName = "pour-cast";
			productReference = 2331F85C6BF04EA89B75056E /* pour-cast.app */;
			productType = "com.apple.product-type.application";
		};
/* End PBXNativeTarget section */

/* Begin PBXProject section */
		90E84613119A4C7583085911 /* Project object */ = {
			isa = PBXProject;
			attributes = {
				CLASSPREFIX = FIS;
				LastUpgradeCheck = 0500;
				ORGANIZATIONNAME = "The Flatiron School";
			};
			buildConfigurationList = 5018B93098AC40C48EBF92B5 /* Build configuration list for PBXProject "pour-cast" */;
			compatibilityVersion = "Xcode 3.2";
			developmentRegion = English;
			hasScannedForEncodings = 0;
			knownRegions = (
				en,
			);
			mainGroup = 2AB31E7EB4B24B5AAF8CEF32;
			productRefGroup = 7AF1BF7754D94303904AFD2F /* Products */;
			projectDirPath = "";
			projectRoot = "";
			targets = (
				9EC0D3D5A6B643F491880C71 /* pour-cast */,
				306548FE47204EEF8D054F5E /* UnitTests */,
			);
		};
/* End PBXProject section */

/* Begin PBXResourcesBuildPhase section */
		2C1005AD79814BF59714148D /* Resources */ = {
			isa = PBXResourcesBuildPhase;
			buildActionMask = 2147483647;
			files = (
			);
			runOnlyForDeploymentPostprocessing = 0;
		};
		39AB497BB94F4451B8A1B5E0 /* Resources */ = {
			isa = PBXResourcesBuildPhase;
			buildActionMask = 2147483647;
			files = (
				AF2F896A020C405DB0266B43 /* Images.xcassets in Resources */,
				D8C986B71A1CED800093C217 /* Main.storyboard in Resources */,
			);
			runOnlyForDeploymentPostprocessing = 0;
		};
/* End PBXResourcesBuildPhase section */

/* Begin PBXShellScriptBuildPhase section */
		193E3A15238434E53B2F9AA5 /* Copy Pods Resources */ = {
			isa = PBXShellScriptBuildPhase;
			buildActionMask = 2147483647;
			files = (
			);
			inputPaths = (
			);
			name = "Copy Pods Resources";
			outputPaths = (
			);
			runOnlyForDeploymentPostprocessing = 0;
			shellPath = /bin/sh;
			shellScript = "\"${SRCROOT}/Pods/Target Support Files/Pods-unit_tests/Pods-unit_tests-resources.sh\"\n";
			showEnvVarsInLog = 0;
		};
		46E4D3C65EAE4F20AE4BBAF4 /* Warn for TODO and FIXME comments */ = {
			isa = PBXShellScriptBuildPhase;
			buildActionMask = 2147483647;
			files = (
			);
			inputPaths = (
			);
			name = "Warn for TODO and FIXME comments";
			outputPaths = (
			);
			runOnlyForDeploymentPostprocessing = 0;
			shellPath = /bin/sh;
			shellScript = "KEYWORDS=\"TODO:|FIXME:|\\?\\?\\?:|\\!\\!\\!:\"\nFILE_EXTENSIONS=\"h|m|mm|c|cpp\"\nfind -E \"${SRCROOT}\" -ipath \"${SRCROOT}/pods\" -prune -o \\( -regex \".*\\.($FILE_EXTENSIONS)$\" \\) -print0 | xargs -0 egrep --with-filename --line-number --only-matching \"($KEYWORDS).*\\$\" | perl -p -e \"s/($KEYWORDS)/ warning: \\$1/\"\n";
		};
		9F6C6CCD3485DA6F83A07264 /* Copy Pods Resources */ = {
			isa = PBXShellScriptBuildPhase;
			buildActionMask = 2147483647;
			files = (
			);
			inputPaths = (
			);
			name = "Copy Pods Resources";
			outputPaths = (
			);
			runOnlyForDeploymentPostprocessing = 0;
			shellPath = /bin/sh;
			shellScript = "\"${SRCROOT}/Pods/Target Support Files/Pods/Pods-resources.sh\"\n";
			showEnvVarsInLog = 0;
		};
		A659D35A1AFA6A4C083B5D9B /* Check Pods Manifest.lock */ = {
			isa = PBXShellScriptBuildPhase;
			buildActionMask = 2147483647;
			files = (
			);
			inputPaths = (
			);
			name = "Check Pods Manifest.lock";
			outputPaths = (
			);
			runOnlyForDeploymentPostprocessing = 0;
			shellPath = /bin/sh;
			shellScript = "diff \"${PODS_ROOT}/../Podfile.lock\" \"${PODS_ROOT}/Manifest.lock\" > /dev/null\nif [[ $? != 0 ]] ; then\n    cat << EOM\nerror: The sandbox is not in sync with the Podfile.lock. Run 'pod install' or update your CocoaPods installation.\nEOM\n    exit 1\nfi\n";
			showEnvVarsInLog = 0;
		};
		F4867B1C1DF7F40C3B5C5C3F /* Check Pods Manifest.lock */ = {
			isa = PBXShellScriptBuildPhase;
			buildActionMask = 2147483647;
			files = (
			);
			inputPaths = (
			);
			name = "Check Pods Manifest.lock";
			outputPaths = (
			);
			runOnlyForDeploymentPostprocessing = 0;
			shellPath = /bin/sh;
			shellScript = "diff \"${PODS_ROOT}/../Podfile.lock\" \"${PODS_ROOT}/Manifest.lock\" > /dev/null\nif [[ $? != 0 ]] ; then\n    cat << EOM\nerror: The sandbox is not in sync with the Podfile.lock. Run 'pod install' or update your CocoaPods installation.\nEOM\n    exit 1\nfi\n";
			showEnvVarsInLog = 0;
		};
/* End PBXShellScriptBuildPhase section */

/* Begin PBXSourcesBuildPhase section */
		6A2DB960E5E449FE91666C16 /* Sources */ = {
			isa = PBXSourcesBuildPhase;
			buildActionMask = 2147483647;
			files = (
				D8C986F41A1E48E10093C217 /* ForcastAPIClient.m in Sources */,
				3E2E3C0B0A9049909C217755 /* FISAppDelegate.m in Sources */,
				281FFDA5CB89424ABCD9EE37 /* main.m in Sources */,
				D8C986BF1A1CFB000093C217 /* FISViewController.m in Sources */,
			);
			runOnlyForDeploymentPostprocessing = 0;
		};
		E7F43CF259524E80BB422263 /* Sources */ = {
			isa = PBXSourcesBuildPhase;
			buildActionMask = 2147483647;
			files = (
			);
			runOnlyForDeploymentPostprocessing = 0;
		};
/* End PBXSourcesBuildPhase section */

/* Begin PBXTargetDependency section */
		6BE02103ECFA403B824F5A63 /* PBXTargetDependency */ = {
			isa = PBXTargetDependency;
			target = 9EC0D3D5A6B643F491880C71 /* pour-cast */;
			targetProxy = 7015D7D4735244F5882B1E86 /* PBXContainerItemProxy */;
		};
/* End PBXTargetDependency section */

/* Begin XCBuildConfiguration section */
		761D04E64F384CEF842674D8 /* Release */ = {
			isa = XCBuildConfiguration;
			baseConfigurationReference = 0B5B6EFE9C2339CF57C20274 /* Pods-unit_tests.release.xcconfig */;
			buildSettings = {
				BUNDLE_LOADER = "$(BUILT_PRODUCTS_DIR)/pour-cast.app/pour-cast";
				FRAMEWORK_SEARCH_PATHS = (
					"$(SDKROOT)/Developer/Library/Frameworks",
					"$(inherited)",
					"$(DEVELOPER_FRAMEWORKS_DIR)",
				);
				GCC_PREFIX_HEADER = "UnitTests/Resources/UnitTests-Prefix.pch";
				INFOPLIST_FILE = "UnitTests/Resources/UnitTests-Info.plist";
				PRODUCT_NAME = "$(TARGET_NAME)";
				SDKROOT = iphoneos;
				SKIP_INSTALL = YES;
				TEST_HOST = "$(BUNDLE_LOADER)";
				WRAPPER_EXTENSION = xctest;
			};
			name = Release;
		};
		8AD90EF58CA74A4591872DCB /* Debug */ = {
			isa = XCBuildConfiguration;
			buildSettings = {
				ALWAYS_SEARCH_USER_PATHS = NO;
				ASSETCATALOG_COMPILER_APPICON_NAME = AppIcon;
				ASSETCATALOG_COMPILER_LAUNCHIMAGE_NAME = LaunchImage;
				CLANG_CXX_LANGUAGE_STANDARD = "gnu++0x";
				CLANG_CXX_LIBRARY = "libc++";
				CLANG_ENABLE_MODULES = YES;
				CLANG_ENABLE_OBJC_ARC = YES;
				CLANG_WARN_BOOL_CONVERSION = YES;
				CLANG_WARN_CONSTANT_CONVERSION = YES;
				CLANG_WARN_DEPRECATED_OBJC_IMPLEMENTATIONS = YES;
				CLANG_WARN_DIRECT_OBJC_ISA_USAGE = YES_ERROR;
				CLANG_WARN_EMPTY_BODY = YES;
				CLANG_WARN_ENUM_CONVERSION = YES;
				CLANG_WARN_INT_CONVERSION = YES;
				CLANG_WARN_OBJC_IMPLICIT_RETAIN_SELF = YES;
				CLANG_WARN_OBJC_ROOT_CLASS = YES_ERROR;
				CLANG_WARN_SUSPICIOUS_IMPLICIT_CONVERSION = YES;
				"CODE_SIGN_IDENTITY[sdk=iphoneos*]" = "iPhone Developer";
				COPY_PHASE_STRIP = YES;
				GCC_C_LANGUAGE_STANDARD = gnu99;
				GCC_DYNAMIC_NO_PIC = NO;
				GCC_OPTIMIZATION_LEVEL = 0;
				GCC_PREPROCESSOR_DEFINITIONS = (
					"DEBUG=1",
					"$(inherited)",
				);
				GCC_SYMBOLS_PRIVATE_EXTERN = NO;
				GCC_WARN_64_TO_32_BIT_CONVERSION = YES;
				GCC_WARN_ABOUT_DEPRECATED_FUNCTIONS = YES;
				GCC_WARN_ABOUT_MISSING_FIELD_INITIALIZERS = YES;
				GCC_WARN_ABOUT_MISSING_NEWLINE = YES;
				GCC_WARN_ABOUT_RETURN_TYPE = YES;
				GCC_WARN_CHECK_SWITCH_STATEMENTS = YES;
				GCC_WARN_INITIALIZER_NOT_FULLY_BRACKETED = YES;
				GCC_WARN_MISSING_PARENTHESES = YES;
				GCC_WARN_SHADOW = YES;
				GCC_WARN_TYPECHECK_CALLS_TO_PRINTF = YES;
				GCC_WARN_UNDECLARED_SELECTOR = YES;
				GCC_WARN_UNINITIALIZED_AUTOS = YES;
				GCC_WARN_UNUSED_FUNCTION = YES;
				GCC_WARN_UNUSED_LABEL = YES;
				GCC_WARN_UNUSED_VALUE = YES;
				GCC_WARN_UNUSED_VARIABLE = YES;
				IPHONEOS_DEPLOYMENT_TARGET = 7.0;
				ONLY_ACTIVE_ARCH = YES;
				SDKROOT = iphoneos;
			};
			name = Debug;
		};
		A72DDED866C74EE5AD446408 /* Release */ = {
			isa = XCBuildConfiguration;
			baseConfigurationReference = 3854DD3B0BE48AF9A8D284DB /* Pods.release.xcconfig */;
			buildSettings = {
				ALWAYS_SEARCH_USER_PATHS = NO;
				COPY_PHASE_STRIP = YES;
				DSTROOT = /tmp/xcodeproj.dst;
				GCC_C_LANGUAGE_STANDARD = gnu99;
				GCC_PRECOMPILE_PREFIX_HEADER = YES;
				GCC_PREFIX_HEADER = "pour-cast/Resources/Other-Sources/pour-cast-Prefix.pch";
				GCC_VERSION = com.apple.compilers.llvm.clang.1_0;
				INFOPLIST_FILE = "pour-cast/Resources/Other-Sources/pour-cast-Info.plist";
				INSTALL_PATH = "$(BUILT_PRODUCTS_DIR)";
				OTHER_CFLAGS = (
					"-DNS_BLOCK_ASSERTIONS=1",
					"$(inherited)",
				);
				OTHER_CPLUSPLUSFLAGS = (
					"-DNS_BLOCK_ASSERTIONS=1",
					"$(inherited)",
				);
				PRODUCT_NAME = "$(TARGET_NAME)";
				PUBLIC_HEADERS_FOLDER_PATH = "$(TARGET_NAME)";
				SDKROOT = iphoneos;
				VALIDATE_PRODUCT = YES;
			};
			name = Release;
		};
		D39DF66424E04382B811DAEE /* Debug */ = {
			isa = XCBuildConfiguration;
			baseConfigurationReference = B18E84164FF1D1A7B7C7BF94 /* Pods-unit_tests.debug.xcconfig */;
			buildSettings = {
				BUNDLE_LOADER = "$(BUILT_PRODUCTS_DIR)/pour-cast.app/pour-cast";
				FRAMEWORK_SEARCH_PATHS = (
					"$(SDKROOT)/Developer/Library/Frameworks",
					"$(inherited)",
					"$(DEVELOPER_FRAMEWORKS_DIR)",
				);
				GCC_PREFIX_HEADER = "UnitTests/Resources/UnitTests-Prefix.pch";
				INFOPLIST_FILE = "UnitTests/Resources/UnitTests-Info.plist";
				PRODUCT_NAME = "$(TARGET_NAME)";
				SDKROOT = iphoneos;
				SKIP_INSTALL = YES;
				TEST_HOST = "$(BUNDLE_LOADER)";
				WRAPPER_EXTENSION = xctest;
			};
			name = Debug;
		};
		E3876CD874954EB9AD3E7BFF /* Release */ = {
			isa = XCBuildConfiguration;
			buildSettings = {
				ALWAYS_SEARCH_USER_PATHS = NO;
				ASSETCATALOG_COMPILER_APPICON_NAME = AppIcon;
				ASSETCATALOG_COMPILER_LAUNCHIMAGE_NAME = LaunchImage;
				CLANG_CXX_LANGUAGE_STANDARD = "gnu++0x";
				CLANG_CXX_LIBRARY = "libc++";
				CLANG_ENABLE_MODULES = YES;
				CLANG_ENABLE_OBJC_ARC = YES;
				CLANG_WARN_BOOL_CONVERSION = YES;
				CLANG_WARN_CONSTANT_CONVERSION = YES;
				CLANG_WARN_DEPRECATED_OBJC_IMPLEMENTATIONS = YES;
				CLANG_WARN_DIRECT_OBJC_ISA_USAGE = YES_ERROR;
				CLANG_WARN_EMPTY_BODY = YES;
				CLANG_WARN_ENUM_CONVERSION = YES;
				CLANG_WARN_INT_CONVERSION = YES;
				CLANG_WARN_OBJC_IMPLICIT_RETAIN_SELF = YES;
				CLANG_WARN_OBJC_ROOT_CLASS = YES_ERROR;
				CLANG_WARN_SUSPICIOUS_IMPLICIT_CONVERSION = YES;
				"CODE_SIGN_IDENTITY[sdk=iphoneos*]" = "iPhone Developer";
				COPY_PHASE_STRIP = NO;
				ENABLE_NS_ASSERTIONS = NO;
				GCC_C_LANGUAGE_STANDARD = gnu99;
				GCC_WARN_64_TO_32_BIT_CONVERSION = YES;
				GCC_WARN_ABOUT_DEPRECATED_FUNCTIONS = YES;
				GCC_WARN_ABOUT_MISSING_FIELD_INITIALIZERS = YES;
				GCC_WARN_ABOUT_MISSING_NEWLINE = YES;
				GCC_WARN_ABOUT_RETURN_TYPE = YES;
				GCC_WARN_CHECK_SWITCH_STATEMENTS = YES;
				GCC_WARN_INITIALIZER_NOT_FULLY_BRACKETED = YES;
				GCC_WARN_MISSING_PARENTHESES = YES;
				GCC_WARN_SHADOW = YES;
				GCC_WARN_TYPECHECK_CALLS_TO_PRINTF = YES;
				GCC_WARN_UNDECLARED_SELECTOR = YES;
				GCC_WARN_UNINITIALIZED_AUTOS = YES;
				GCC_WARN_UNUSED_FUNCTION = YES;
				GCC_WARN_UNUSED_LABEL = YES;
				GCC_WARN_UNUSED_VALUE = YES;
				GCC_WARN_UNUSED_VARIABLE = YES;
				IPHONEOS_DEPLOYMENT_TARGET = 7.0;
				SDKROOT = iphoneos;
				VALIDATE_PRODUCT = YES;
			};
			name = Release;
		};
		E3EFD0F67B1A42048D29B650 /* Debug */ = {
			isa = XCBuildConfiguration;
			baseConfigurationReference = 8230D2B818F29F32B89DDF02 /* Pods.debug.xcconfig */;
			buildSettings = {
				ALWAYS_SEARCH_USER_PATHS = NO;
				COPY_PHASE_STRIP = NO;
				DSTROOT = /tmp/xcodeproj.dst;
				GCC_C_LANGUAGE_STANDARD = gnu99;
				GCC_DYNAMIC_NO_PIC = NO;
				GCC_OPTIMIZATION_LEVEL = 0;
				GCC_PRECOMPILE_PREFIX_HEADER = YES;
				GCC_PREFIX_HEADER = "pour-cast/Resources/Other-Sources/pour-cast-Prefix.pch";
				GCC_PREPROCESSOR_DEFINITIONS = (
					"DEBUG=1",
					"$(inherited)",
				);
				GCC_SYMBOLS_PRIVATE_EXTERN = NO;
				GCC_VERSION = com.apple.compilers.llvm.clang.1_0;
				INFOPLIST_FILE = "pour-cast/Resources/Other-Sources/pour-cast-Info.plist";
				INSTALL_PATH = "$(BUILT_PRODUCTS_DIR)";
				PRODUCT_NAME = "$(TARGET_NAME)";
				PUBLIC_HEADERS_FOLDER_PATH = "$(TARGET_NAME)";
				SDKROOT = iphoneos;
			};
			name = Debug;
		};
/* End XCBuildConfiguration section */

/* Begin XCConfigurationList section */
		5018B93098AC40C48EBF92B5 /* Build configuration list for PBXProject "pour-cast" */ = {
			isa = XCConfigurationList;
			buildConfigurations = (
				8AD90EF58CA74A4591872DCB /* Debug */,
				E3876CD874954EB9AD3E7BFF /* Release */,
			);
			defaultConfigurationIsVisible = 0;
			defaultConfigurationName = Release;
		};
		5D2FF06CBC4046F7A738B20C /* Build configuration list for PBXNativeTarget "UnitTests" */ = {
			isa = XCConfigurationList;
			buildConfigurations = (
				761D04E64F384CEF842674D8 /* Release */,
				D39DF66424E04382B811DAEE /* Debug */,
			);
			defaultConfigurationIsVisible = 0;
			defaultConfigurationName = Release;
		};
		9BFC5F6F8E6D49139EFCF501 /* Build configuration list for PBXNativeTarget "pour-cast" */ = {
			isa = XCConfigurationList;
			buildConfigurations = (
				A72DDED866C74EE5AD446408 /* Release */,
				E3EFD0F67B1A42048D29B650 /* Debug */,
			);
			defaultConfigurationIsVisible = 0;
			defaultConfigurationName = Release;
		};
/* End XCConfigurationList section */
	};
	rootObject = 90E84613119A4C7583085911 /* Project object */;
}
